
Microsoft Visual Studio Solution File, Format Version 12.00
# Visual Studio Version 16
VisualStudioVersion = 16.0.809.8
MinimumVisualStudioVersion = 10.0.40219.1
Project("{FAE04EC0-301F-11D3-BF4B-00C04F79EFBC}") = "WeatherLocationInfo.Android", "WeatherLocationInfo.Android\WeatherLocationInfo.Android.csproj", "{3E219E80-DFD0-4E25-984B-5AEF2C7761EE}"
EndProject
Project("{FAE04EC0-301F-11D3-BF4B-00C04F79EFBC}") = "WeatherLocationInfo.iOS", "WeatherLocationInfo.iOS\WeatherLocationInfo.iOS.csproj", "{7EDEEEF5-EDA0-4F54-8DBC-05DC63B31F33}"
EndProject
Project("{FAE04EC0-301F-11D3-BF4B-00C04F79EFBC}") = "WeatherLocationInfo", "WeatherLocationInfo\WeatherLocationInfo.csproj", "{DF3113EF-C6EE-4867-A38B-B5054137FA80}"
EndProject
Global
	GlobalSection(SolutionConfigurationPlatforms) = preSolution
		Debug|Any CPU = Debug|Any CPU
		Release|Any CPU = Release|Any CPU
		Debug|iPhoneSimulator = Debug|iPhoneSimulator
		Release|iPhoneSimulator = Release|iPhoneSimulator
		Debug|iPhone = Debug|iPhone
		Release|iPhone = Release|iPhone
	EndGlobalSection
	GlobalSection(ProjectConfigurationPlatforms) = postSolution
		{3E219E80-DFD0-4E25-984B-5AEF2C7761EE}.Debug|Any CPU.ActiveCfg = Debug|Any CPU
		{3E219E80-DFD0-4E25-984B-5AEF2C7761EE}.Debug|Any CPU.Build.0 = Debug|Any CPU
		{3E219E80-DFD0-4E25-984B-5AEF2C7761EE}.Release|Any CPU.ActiveCfg = Release|Any CPU
		{3E219E80-DFD0-4E25-984B-5AEF2C7761EE}.Release|Any CPU.Build.0 = Release|Any CPU
		{3E219E80-DFD0-4E25-984B-5AEF2C7761EE}.Debug|iPhoneSimulator.ActiveCfg = Debug|Any CPU
		{3E219E80-DFD0-4E25-984B-5AEF2C7761EE}.Debug|iPhoneSimulator.Build.0 = Debug|Any CPU
		{3E219E80-DFD0-4E25-984B-5AEF2C7761EE}.Release|iPhoneSimulator.ActiveCfg = Release|Any CPU
		{3E219E80-DFD0-4E25-984B-5AEF2C7761EE}.Release|iPhoneSimulator.Build.0 = Release|Any CPU
		{3E219E80-DFD0-4E25-984B-5AEF2C7761EE}.Debug|iPhone.ActiveCfg = Debug|Any CPU
		{3E219E80-DFD0-4E25-984B-5AEF2C7761EE}.Debug|iPhone.Build.0 = Debug|Any CPU
		{3E219E80-DFD0-4E25-984B-5AEF2C7761EE}.Release|iPhone.ActiveCfg = Release|Any CPU
		{3E219E80-DFD0-4E25-984B-5AEF2C7761EE}.Release|iPhone.Build.0 = Release|Any CPU
		{7EDEEEF5-EDA0-4F54-8DBC-05DC63B31F33}.Debug|Any CPU.ActiveCfg = Debug|iPhoneSimulator
		{7EDEEEF5-EDA0-4F54-8DBC-05DC63B31F33}.Debug|Any CPU.Build.0 = Debug|iPhoneSimulator
		{7EDEEEF5-EDA0-4F54-8DBC-05DC63B31F33}.Release|Any CPU.ActiveCfg = Release|iPhoneSimulator
		{7EDEEEF5-EDA0-4F54-8DBC-05DC63B31F33}.Release|Any CPU.Build.0 = Release|iPhoneSimulator
		{7EDEEEF5-EDA0-4F54-8DBC-05DC63B31F33}.Debug|iPhoneSimulator.ActiveCfg = Debug|iPhoneSimulator
		{7EDEEEF5-EDA0-4F54-8DBC-05DC63B31F33}.Debug|iPhoneSimulator.Build.0 = Debug|iPhoneSimulator
		{7EDEEEF5-EDA0-4F54-8DBC-05DC63B31F33}.Release|iPhoneSimulator.ActiveCfg = Release|iPhoneSimulator
		{7EDEEEF5-EDA0-4F54-8DBC-05DC63B31F33}.Release|iPhoneSimulator.Build.0 = Release|iPhoneSimulator
		{7EDEEEF5-EDA0-4F54-8DBC-05DC63B31F33}.Debug|iPhone.ActiveCfg = Debug|iPhone
		{7EDEEEF5-EDA0-4F54-8DBC-05DC63B31F33}.Debug|iPhone.Build.0 = Debug|iPhone
		{7EDEEEF5-EDA0-4F54-8DBC-05DC63B31F33}.Release|iPhone.ActiveCfg = Release|iPhone
		{7EDEEEF5-EDA0-4F54-8DBC-05DC63B31F33}.Release|iPhone.Build.0 = Release|iPhone
		{DF3113EF-C6EE-4867-A38B-B5054137FA80}.Debug|Any CPU.ActiveCfg = Debug|Any CPU
		{DF3113EF-C6EE-4867-A38B-B5054137FA80}.Debug|Any CPU.Build.0 = Debug|Any CPU
		{DF3113EF-C6EE-4867-A38B-B5054137FA80}.Release|Any CPU.ActiveCfg = Release|Any CPU
		{DF3113EF-C6EE-4867-A38B-B5054137FA80}.Release|Any CPU.Build.0 = Release|Any CPU
		{DF3113EF-C6EE-4867-A38B-B5054137FA80}.Debug|iPhoneSimulator.ActiveCfg = Debug|Any CPU
		{DF3113EF-C6EE-4867-A38B-B5054137FA80}.Debug|iPhoneSimulator.Build.0 = Debug|Any CPU
		{DF3113EF-C6EE-4867-A38B-B5054137FA80}.Release|iPhoneSimulator.ActiveCfg = Release|Any CPU
		{DF3113EF-C6EE-4867-A38B-B5054137FA80}.Release|iPhoneSimulator.Build.0 = Release|Any CPU
		{DF3113EF-C6EE-4867-A38B-B5054137FA80}.Debug|iPhone.ActiveCfg = Debug|Any CPU
		{DF3113EF-C6EE-4867-A38B-B5054137FA80}.Debug|iPhone.Build.0 = Debug|Any CPU
		{DF3113EF-C6EE-4867-A38B-B5054137FA80}.Release|iPhone.ActiveCfg = Release|Any CPU
		{DF3113EF-C6EE-4867-A38B-B5054137FA80}.Release|iPhone.Build.0 = Release|Any CPU
	EndGlobalSection
	GlobalSection(SolutionProperties) = preSolution
		HideSolutionNode = FALSE
	EndGlobalSection
	GlobalSection(ExtensibilityGlobals) = postSolution
		SolutionGuid = {687D9413-2A37-49E2-82F4-FDC1A52AF4FA}
	EndGlobalSection
EndGlobal
